
Microsoft Visual Studio Solution File, Format Version 12.00
# Visual Studio Version 17
VisualStudioVersion = 17.1.32319.34
MinimumVisualStudioVersion = 10.0.40219.1
Project("{8BC9CEB8-8B4A-11D0-8D11-00A0C91BC942}") = "CppZaawansowany", "CppZaawansowany\CppZaawansowany.vcxproj", "{C8EB0C8F-FFE1-4F57-8E93-6AD9E3507DA0}"
EndProject
Project("{8BC9CEB8-8B4A-11D0-8D11-00A0C91BC942}") = "Wyjatek", "Wyjatek\Wyjatek.vcxproj", "{CF9160A1-F3E6-4448-811E-95BB7E3DA967}"
EndProject
Project("{8BC9CEB8-8B4A-11D0-8D11-00A0C91BC942}") = "Wyjatek2", "Wyjatek2\Wyjatek2.vcxproj", "{B16306D2-131B-4D17-AA95-2E554B604BB5}"
EndProject
Project("{8BC9CEB8-8B4A-11D0-8D11-00A0C91BC942}") = "Template", "Template1\Template1.vcxproj", "{E66DE790-B3C1-4332-92B1-592E5FFFE289}"
EndProject
Project("{8BC9CEB8-8B4A-11D0-8D11-00A0C91BC942}") = "TemplateZad1", "TemplateZad1\TemplateZad1.vcxproj", "{45D6A279-8228-4B63-BA62-B9E72E793E51}"
EndProject
Project("{8BC9CEB8-8B4A-11D0-8D11-00A0C91BC942}") = "TemplateZad3", "TemplateZad3\TemplateZad3.vcxproj", "{20AC44A0-2C68-4854-B060-F99116528913}"
EndProject
Project("{8BC9CEB8-8B4A-11D0-8D11-00A0C91BC942}") = "TemplateZad4", "TemplateZad4\TemplateZad4.vcxproj", "{1D7B92A6-3E80-4B85-903F-3FDD3ABB61C0}"
EndProject
Project("{8BC9CEB8-8B4A-11D0-8D11-00A0C91BC942}") = "SmartPointers", "SmartPointers\SmartPointers.vcxproj", "{0B6065D2-52AE-4117-BC84-CCA09CCD7770}"
EndProject
Project("{8BC9CEB8-8B4A-11D0-8D11-00A0C91BC942}") = "SmartPointersZad1", "SmartPointersZad1\SmartPointersZad1.vcxproj", "{7A089311-BEC1-48B2-85DD-8916B4B99B37}"
EndProject
Project("{8BC9CEB8-8B4A-11D0-8D11-00A0C91BC942}") = "SmartPtrZad2", "SmartPtrZad2\SmartPtrZad2.vcxproj", "{540203BA-2E3C-4420-8A73-6E5DA929A2BE}"
EndProject
Project("{8BC9CEB8-8B4A-11D0-8D11-00A0C91BC942}") = "ZadStos", "ZadStos\ZadStos.vcxproj", "{A6FFE278-FE24-4591-AC71-7AC6F5204145}"
EndProject
Project("{8BC9CEB8-8B4A-11D0-8D11-00A0C91BC942}") = "Zad4Set", "Zad4Set\Zad4Set.vcxproj", "{77F3B33D-0F8A-4DCA-AA2D-0393DED51362}"
EndProject
Project("{8BC9CEB8-8B4A-11D0-8D11-00A0C91BC942}") = "Zad4Map", "Zad4Map\Zad4Map.vcxproj", "{08633B51-23D5-4842-88C8-5500184FB51A}"
EndProject
Project("{8BC9CEB8-8B4A-11D0-8D11-00A0C91BC942}") = "Zad3SetV2", "Zad3SetV2\Zad3SetV2.vcxproj", "{304BFA89-686C-4EB5-8626-7C5CA2EDEBE0}"
EndProject
Project("{8BC9CEB8-8B4A-11D0-8D11-00A0C91BC942}") = "Zad4MapV2", "Zad4MapV2\Zad4MapV2.vcxproj", "{F6D8961F-353A-4957-BF14-76683DEF36A3}"
EndProject
Global
	GlobalSection(SolutionConfigurationPlatforms) = preSolution
		Debug|x64 = Debug|x64
		Debug|x86 = Debug|x86
		Release|x64 = Release|x64
		Release|x86 = Release|x86
	EndGlobalSection
	GlobalSection(ProjectConfigurationPlatforms) = postSolution
		{C8EB0C8F-FFE1-4F57-8E93-6AD9E3507DA0}.Debug|x64.ActiveCfg = Debug|x64
		{C8EB0C8F-FFE1-4F57-8E93-6AD9E3507DA0}.Debug|x64.Build.0 = Debug|x64
		{C8EB0C8F-FFE1-4F57-8E93-6AD9E3507DA0}.Debug|x86.ActiveCfg = Debug|Win32
		{C8EB0C8F-FFE1-4F57-8E93-6AD9E3507DA0}.Debug|x86.Build.0 = Debug|Win32
		{C8EB0C8F-FFE1-4F57-8E93-6AD9E3507DA0}.Release|x64.ActiveCfg = Release|x64
		{C8EB0C8F-FFE1-4F57-8E93-6AD9E3507DA0}.Release|x64.Build.0 = Release|x64
		{C8EB0C8F-FFE1-4F57-8E93-6AD9E3507DA0}.Release|x86.ActiveCfg = Release|Win32
		{C8EB0C8F-FFE1-4F57-8E93-6AD9E3507DA0}.Release|x86.Build.0 = Release|Win32
		{CF9160A1-F3E6-4448-811E-95BB7E3DA967}.Debug|x64.ActiveCfg = Debug|x64
		{CF9160A1-F3E6-4448-811E-95BB7E3DA967}.Debug|x64.Build.0 = Debug|x64
		{CF9160A1-F3E6-4448-811E-95BB7E3DA967}.Debug|x86.ActiveCfg = Debug|Win32
		{CF9160A1-F3E6-4448-811E-95BB7E3DA967}.Debug|x86.Build.0 = Debug|Win32
		{CF9160A1-F3E6-4448-811E-95BB7E3DA967}.Release|x64.ActiveCfg = Release|x64
		{CF9160A1-F3E6-4448-811E-95BB7E3DA967}.Release|x64.Build.0 = Release|x64
		{CF9160A1-F3E6-4448-811E-95BB7E3DA967}.Release|x86.ActiveCfg = Release|Win32
		{CF9160A1-F3E6-4448-811E-95BB7E3DA967}.Release|x86.Build.0 = Release|Win32
		{B16306D2-131B-4D17-AA95-2E554B604BB5}.Debug|x64.ActiveCfg = Debug|x64
		{B16306D2-131B-4D17-AA95-2E554B604BB5}.Debug|x64.Build.0 = Debug|x64
		{B16306D2-131B-4D17-AA95-2E554B604BB5}.Debug|x86.ActiveCfg = Debug|Win32
		{B16306D2-131B-4D17-AA95-2E554B604BB5}.Debug|x86.Build.0 = Debug|Win32
		{B16306D2-131B-4D17-AA95-2E554B604BB5}.Release|x64.ActiveCfg = Release|x64
		{B16306D2-131B-4D17-AA95-2E554B604BB5}.Release|x64.Build.0 = Release|x64
		{B16306D2-131B-4D17-AA95-2E554B604BB5}.Release|x86.ActiveCfg = Release|Win32
		{B16306D2-131B-4D17-AA95-2E554B604BB5}.Release|x86.Build.0 = Release|Win32
		{E66DE790-B3C1-4332-92B1-592E5FFFE289}.Debug|x64.ActiveCfg = Debug|x64
		{E66DE790-B3C1-4332-92B1-592E5FFFE289}.Debug|x64.Build.0 = Debug|x64
		{E66DE790-B3C1-4332-92B1-592E5FFFE289}.Debug|x86.ActiveCfg = Debug|Win32
		{E66DE790-B3C1-4332-92B1-592E5FFFE289}.Debug|x86.Build.0 = Debug|Win32
		{E66DE790-B3C1-4332-92B1-592E5FFFE289}.Release|x64.ActiveCfg = Release|x64
		{E66DE790-B3C1-4332-92B1-592E5FFFE289}.Release|x64.Build.0 = Release|x64
		{E66DE790-B3C1-4332-92B1-592E5FFFE289}.Release|x86.ActiveCfg = Release|Win32
		{E66DE790-B3C1-4332-92B1-592E5FFFE289}.Release|x86.Build.0 = Release|Win32
		{45D6A279-8228-4B63-BA62-B9E72E793E51}.Debug|x64.ActiveCfg = Debug|x64
		{45D6A279-8228-4B63-BA62-B9E72E793E51}.Debug|x64.Build.0 = Debug|x64
		{45D6A279-8228-4B63-BA62-B9E72E793E51}.Debug|x86.ActiveCfg = Debug|Win32
		{45D6A279-8228-4B63-BA62-B9E72E793E51}.Debug|x86.Build.0 = Debug|Win32
		{45D6A279-8228-4B63-BA62-B9E72E793E51}.Release|x64.ActiveCfg = Release|x64
		{45D6A279-8228-4B63-BA62-B9E72E793E51}.Release|x64.Build.0 = Release|x64
		{45D6A279-8228-4B63-BA62-B9E72E793E51}.Release|x86.ActiveCfg = Release|Win32
		{45D6A279-8228-4B63-BA62-B9E72E793E51}.Release|x86.Build.0 = Release|Win32
		{20AC44A0-2C68-4854-B060-F99116528913}.Debug|x64.ActiveCfg = Debug|x64
		{20AC44A0-2C68-4854-B060-F99116528913}.Debug|x64.Build.0 = Debug|x64
		{20AC44A0-2C68-4854-B060-F99116528913}.Debug|x86.ActiveCfg = Debug|Win32
		{20AC44A0-2C68-4854-B060-F99116528913}.Debug|x86.Build.0 = Debug|Win32
		{20AC44A0-2C68-4854-B060-F99116528913}.Release|x64.ActiveCfg = Release|x64
		{20AC44A0-2C68-4854-B060-F99116528913}.Release|x64.Build.0 = Release|x64
		{20AC44A0-2C68-4854-B060-F99116528913}.Release|x86.ActiveCfg = Release|Win32
		{20AC44A0-2C68-4854-B060-F99116528913}.Release|x86.Build.0 = Release|Win32
		{1D7B92A6-3E80-4B85-903F-3FDD3ABB61C0}.Debug|x64.ActiveCfg = Debug|x64
		{1D7B92A6-3E80-4B85-903F-3FDD3ABB61C0}.Debug|x64.Build.0 = Debug|x64
		{1D7B92A6-3E80-4B85-903F-3FDD3ABB61C0}.Debug|x86.ActiveCfg = Debug|Win32
		{1D7B92A6-3E80-4B85-903F-3FDD3ABB61C0}.Debug|x86.Build.0 = Debug|Win32
		{1D7B92A6-3E80-4B85-903F-3FDD3ABB61C0}.Release|x64.ActiveCfg = Release|x64
		{1D7B92A6-3E80-4B85-903F-3FDD3ABB61C0}.Release|x64.Build.0 = Release|x64
		{1D7B92A6-3E80-4B85-903F-3FDD3ABB61C0}.Release|x86.ActiveCfg = Release|Win32
		{1D7B92A6-3E80-4B85-903F-3FDD3ABB61C0}.Release|x86.Build.0 = Release|Win32
		{0B6065D2-52AE-4117-BC84-CCA09CCD7770}.Debug|x64.ActiveCfg = Debug|x64
		{0B6065D2-52AE-4117-BC84-CCA09CCD7770}.Debug|x64.Build.0 = Debug|x64
		{0B6065D2-52AE-4117-BC84-CCA09CCD7770}.Debug|x86.ActiveCfg = Debug|Win32
		{0B6065D2-52AE-4117-BC84-CCA09CCD7770}.Debug|x86.Build.0 = Debug|Win32
		{0B6065D2-52AE-4117-BC84-CCA09CCD7770}.Release|x64.ActiveCfg = Release|x64
		{0B6065D2-52AE-4117-BC84-CCA09CCD7770}.Release|x64.Build.0 = Release|x64
		{0B6065D2-52AE-4117-BC84-CCA09CCD7770}.Release|x86.ActiveCfg = Release|Win32
		{0B6065D2-52AE-4117-BC84-CCA09CCD7770}.Release|x86.Build.0 = Release|Win32
		{7A089311-BEC1-48B2-85DD-8916B4B99B37}.Debug|x64.ActiveCfg = Debug|x64
		{7A089311-BEC1-48B2-85DD-8916B4B99B37}.Debug|x64.Build.0 = Debug|x64
		{7A089311-BEC1-48B2-85DD-8916B4B99B37}.Debug|x86.ActiveCfg = Debug|Win32
		{7A089311-BEC1-48B2-85DD-8916B4B99B37}.Debug|x86.Build.0 = Debug|Win32
		{7A089311-BEC1-48B2-85DD-8916B4B99B37}.Release|x64.ActiveCfg = Release|x64
		{7A089311-BEC1-48B2-85DD-8916B4B99B37}.Release|x64.Build.0 = Release|x64
		{7A089311-BEC1-48B2-85DD-8916B4B99B37}.Release|x86.ActiveCfg = Release|Win32
		{7A089311-BEC1-48B2-85DD-8916B4B99B37}.Release|x86.Build.0 = Release|Win32
		{540203BA-2E3C-4420-8A73-6E5DA929A2BE}.Debug|x64.ActiveCfg = Debug|x64
		{540203BA-2E3C-4420-8A73-6E5DA929A2BE}.Debug|x64.Build.0 = Debug|x64
		{540203BA-2E3C-4420-8A73-6E5DA929A2BE}.Debug|x86.ActiveCfg = Debug|Win32
		{540203BA-2E3C-4420-8A73-6E5DA929A2BE}.Debug|x86.Build.0 = Debug|Win32
		{540203BA-2E3C-4420-8A73-6E5DA929A2BE}.Release|x64.ActiveCfg = Release|x64
		{540203BA-2E3C-4420-8A73-6E5DA929A2BE}.Release|x64.Build.0 = Release|x64
		{540203BA-2E3C-4420-8A73-6E5DA929A2BE}.Release|x86.ActiveCfg = Release|Win32
		{540203BA-2E3C-4420-8A73-6E5DA929A2BE}.Release|x86.Build.0 = Release|Win32
		{A6FFE278-FE24-4591-AC71-7AC6F5204145}.Debug|x64.ActiveCfg = Debug|x64
		{A6FFE278-FE24-4591-AC71-7AC6F5204145}.Debug|x64.Build.0 = Debug|x64
		{A6FFE278-FE24-4591-AC71-7AC6F5204145}.Debug|x86.ActiveCfg = Debug|Win32
		{A6FFE278-FE24-4591-AC71-7AC6F5204145}.Debug|x86.Build.0 = Debug|Win32
		{A6FFE278-FE24-4591-AC71-7AC6F5204145}.Release|x64.ActiveCfg = Release|x64
		{A6FFE278-FE24-4591-AC71-7AC6F5204145}.Release|x64.Build.0 = Release|x64
		{A6FFE278-FE24-4591-AC71-7AC6F5204145}.Release|x86.ActiveCfg = Release|Win32
		{A6FFE278-FE24-4591-AC71-7AC6F5204145}.Release|x86.Build.0 = Release|Win32
		{77F3B33D-0F8A-4DCA-AA2D-0393DED51362}.Debug|x64.ActiveCfg = Debug|x64
		{77F3B33D-0F8A-4DCA-AA2D-0393DED51362}.Debug|x64.Build.0 = Debug|x64
		{77F3B33D-0F8A-4DCA-AA2D-0393DED51362}.Debug|x86.ActiveCfg = Debug|Win32
		{77F3B33D-0F8A-4DCA-AA2D-0393DED51362}.Debug|x86.Build.0 = Debug|Win32
		{77F3B33D-0F8A-4DCA-AA2D-0393DED51362}.Release|x64.ActiveCfg = Release|x64
		{77F3B33D-0F8A-4DCA-AA2D-0393DED51362}.Release|x64.Build.0 = Release|x64
		{77F3B33D-0F8A-4DCA-AA2D-0393DED51362}.Release|x86.ActiveCfg = Release|Win32
		{77F3B33D-0F8A-4DCA-AA2D-0393DED51362}.Release|x86.Build.0 = Release|Win32
		{08633B51-23D5-4842-88C8-5500184FB51A}.Debug|x64.ActiveCfg = Debug|x64
		{08633B51-23D5-4842-88C8-5500184FB51A}.Debug|x64.Build.0 = Debug|x64
		{08633B51-23D5-4842-88C8-5500184FB51A}.Debug|x86.ActiveCfg = Debug|Win32
		{08633B51-23D5-4842-88C8-5500184FB51A}.Debug|x86.Build.0 = Debug|Win32
		{08633B51-23D5-4842-88C8-5500184FB51A}.Release|x64.ActiveCfg = Release|x64
		{08633B51-23D5-4842-88C8-5500184FB51A}.Release|x64.Build.0 = Release|x64
		{08633B51-23D5-4842-88C8-5500184FB51A}.Release|x86.ActiveCfg = Release|Win32
		{08633B51-23D5-4842-88C8-5500184FB51A}.Release|x86.Build.0 = Release|Win32
		{304BFA89-686C-4EB5-8626-7C5CA2EDEBE0}.Debug|x64.ActiveCfg = Debug|x64
		{304BFA89-686C-4EB5-8626-7C5CA2EDEBE0}.Debug|x64.Build.0 = Debug|x64
		{304BFA89-686C-4EB5-8626-7C5CA2EDEBE0}.Debug|x86.ActiveCfg = Debug|Win32
		{304BFA89-686C-4EB5-8626-7C5CA2EDEBE0}.Debug|x86.Build.0 = Debug|Win32
		{304BFA89-686C-4EB5-8626-7C5CA2EDEBE0}.Release|x64.ActiveCfg = Release|x64
		{304BFA89-686C-4EB5-8626-7C5CA2EDEBE0}.Release|x64.Build.0 = Release|x64
		{304BFA89-686C-4EB5-8626-7C5CA2EDEBE0}.Release|x86.ActiveCfg = Release|Win32
		{304BFA89-686C-4EB5-8626-7C5CA2EDEBE0}.Release|x86.Build.0 = Release|Win32
		{F6D8961F-353A-4957-BF14-76683DEF36A3}.Debug|x64.ActiveCfg = Debug|x64
		{F6D8961F-353A-4957-BF14-76683DEF36A3}.Debug|x64.Build.0 = Debug|x64
		{F6D8961F-353A-4957-BF14-76683DEF36A3}.Debug|x86.ActiveCfg = Debug|Win32
		{F6D8961F-353A-4957-BF14-76683DEF36A3}.Debug|x86.Build.0 = Debug|Win32
		{F6D8961F-353A-4957-BF14-76683DEF36A3}.Release|x64.ActiveCfg = Release|x64
		{F6D8961F-353A-4957-BF14-76683DEF36A3}.Release|x64.Build.0 = Release|x64
		{F6D8961F-353A-4957-BF14-76683DEF36A3}.Release|x86.ActiveCfg = Release|Win32
		{F6D8961F-353A-4957-BF14-76683DEF36A3}.Release|x86.Build.0 = Release|Win32
	EndGlobalSection
	GlobalSection(SolutionProperties) = preSolution
		HideSolutionNode = FALSE
	EndGlobalSection
	GlobalSection(ExtensibilityGlobals) = postSolution
		SolutionGuid = {C4458C63-F934-4BE3-A505-A09D62210DCC}
	EndGlobalSection
EndGlobal
